
Microsoft Visual Studio Solution File, Format Version 12.00
Project("{FAE04EC0-301F-11D3-BF4B-00C04F79EFBC}") = "X2ProjectGenerator", "X2ProjectGenerator.csproj", "{4E16F9ED-E952-49D4-BF2D-D082C6E2AB12}"
EndProject
Global
	GlobalSection(SolutionConfigurationPlatforms) = preSolution
		Debug|Any CPU = Debug|Any CPU
		Release|Any CPU = Release|Any CPU
	EndGlobalSection
	GlobalSection(ProjectConfigurationPlatforms) = postSolution
		{4E16F9ED-E952-49D4-BF2D-D082C6E2AB12}.Debug|Any CPU.ActiveCfg = Debug|Any CPU
		{4E16F9ED-E952-49D4-BF2D-D082C6E2AB12}.Debug|Any CPU.Build.0 = Debug|Any CPU
		{4E16F9ED-E952-49D4-BF2D-D082C6E2AB12}.Release|Any CPU.ActiveCfg = Release|Any CPU
		{4E16F9ED-E952-49D4-BF2D-D082C6E2AB12}.Release|Any CPU.Build.0 = Release|Any CPU
	EndGlobalSection
EndGlobal
